// !$*UTF8*$!
{
	archiveVersion = 1;
	classes = {
	};
	objectVersion = 77;
	objects = {

/* Begin PBXBuildFile section */
		047DC8F0070E27C21E7E3C3D /* success.json in Resources */ = {isa = PBXBuildFile; fileRef = DCE055888C0EC773FBED99DC /* success.json */; };
		0599F653DBC5B9EF669DE4E7 /* UserLocalRepository.swift in Sources */ = {isa = PBXBuildFile; fileRef = D6F747A35F6E89CF3EFE0629 /* UserLocalRepository.swift */; };
		082F44E6A0528399DC16BE5F /* ExpenseCategory.swift in Sources */ = {isa = PBXBuildFile; fileRef = 9286A23592206481E6E093FA /* ExpenseCategory.swift */; };
		0A6150E3A8C6C066DC006C52 /* GetPnLUseCase.swift in Sources */ = {isa = PBXBuildFile; fileRef = 974BD75AB3FE1C6176DB1293 /* GetPnLUseCase.swift */; };
		0C4011AF07F45FD56FBBA2F9 /* Assets.xcassets in Resources */ = {isa = PBXBuildFile; fileRef = 536977A95B8339D67FF45B42 /* Assets.xcassets */; };
		0CD9133629F88A8BACD8BE73 /* TransactionStore.swift in Sources */ = {isa = PBXBuildFile; fileRef = DBA3BDDB6EC21859BC0FAF0A /* TransactionStore.swift */; };
		139D9B698D395707AF9AF876 /* TransactionRepository.swift in Sources */ = {isa = PBXBuildFile; fileRef = E93820A671554C608923316D /* TransactionRepository.swift */; };
		154314B4625FFD8511918D86 /* PreviewData.swift in Sources */ = {isa = PBXBuildFile; fileRef = 12B56BD4CA668CF84630EEE1 /* PreviewData.swift */; };
		15B3D13568DF23D8F47D1892 /* AddTransactionView.swift in Sources */ = {isa = PBXBuildFile; fileRef = 0C00BB60C8DA88F1771E5540 /* AddTransactionView.swift */; };
		1A63E180E5B27593A2EB369A /* ChatView.swift in Sources */ = {isa = PBXBuildFile; fileRef = 4364BE73D18016B547D1E0B5 /* ChatView.swift */; };
		1ACD8AE833EC5D448EF0C72A /* Invoice.swift in Sources */ = {isa = PBXBuildFile; fileRef = 8E11AB2848324149C0B3D7CB /* Invoice.swift */; };
		1DC4D0B72343E3B1D32C72E9 /* ClientsViewModel.swift in Sources */ = {isa = PBXBuildFile; fileRef = 3811D27CA7EECCC81FAAA3DB /* ClientsViewModel.swift */; };
		1E17DCB6EA5B65C954A02963 /* InvoiceView.swift in Sources */ = {isa = PBXBuildFile; fileRef = 5A23D73F7A964B88C2347CC9 /* InvoiceView.swift */; };
		1F5CFEF8974C8A3AE8CCA601 /* TransactionLocalRepository.swift in Sources */ = {isa = PBXBuildFile; fileRef = 9DE470362E77980A05FBBA37 /* TransactionLocalRepository.swift */; };
		210E596473F221B02402B18B /* InsightRow.swift in Sources */ = {isa = PBXBuildFile; fileRef = F290DAB89D8CFCE0528870E3 /* InsightRow.swift */; };
		21AE762BB661ACBBECA9454B /* ClientsView.swift in Sources */ = {isa = PBXBuildFile; fileRef = A8F86C2EED64EC8EC4EA3257 /* ClientsView.swift */; };
		254EC4E96239C9836A221B88 /* NotificationService.swift in Sources */ = {isa = PBXBuildFile; fileRef = 64B6E0D5E7B5285B6516722D /* NotificationService.swift */; };
		2CF9F77B9304F82B9C29D876 /* AIService.swift in Sources */ = {isa = PBXBuildFile; fileRef = AB8D7D57EA3C0EC851F0F031 /* AIService.swift */; };
		30B51A1F80AB530F64ADB1A0 /* StoreBackedTransactionRepository.swift in Sources */ = {isa = PBXBuildFile; fileRef = 186B0AECC2A01E3E467153CD /* StoreBackedTransactionRepository.swift */; };
		35F4639E9AECB81581CA7E76 /* SharedDataService.swift in Sources */ = {isa = PBXBuildFile; fileRef = 2D3C9EFD3FC5B539D890FE46 /* SharedDataService.swift */; };
		366AC8A43E427CB937DCB1F1 /* Constants.swift in Sources */ = {isa = PBXBuildFile; fileRef = C4B594F31B53AA1F9EDB46E9 /* Constants.swift */; };
		38E4A622E0DB6FF0B1DA2219 /* ClassifyTransactionUseCase.swift in Sources */ = {isa = PBXBuildFile; fileRef = B84589DEF693D5737501347D /* ClassifyTransactionUseCase.swift */; };
		3A02770F74D88D2B7E6969E7 /* AnalyticsViewModel.swift in Sources */ = {isa = PBXBuildFile; fileRef = E4A3D50A4B2CBBE238524D0D /* AnalyticsViewModel.swift */; };
		3EA59CEC864D0D95A65A44BB /* GetInsightsUseCase.swift in Sources */ = {isa = PBXBuildFile; fileRef = 52B7428812D629E1EEDF5B7D /* GetInsightsUseCase.swift */; };
		42F92C1337CD08F72B200AF2 /* TaxCalculatorService.swift in Sources */ = {isa = PBXBuildFile; fileRef = 9925A0E4CA8F1006122C1BD8 /* TaxCalculatorService.swift */; };
		447D6B5CA8337259EC304907 /* Pow in Frameworks */ = {isa = PBXBuildFile; productRef = CA9FE20FDDBC787F3252883A /* Pow */; };
		46A5C4A951725A7ACCCEC222 /* APIClient.swift in Sources */ = {isa = PBXBuildFile; fileRef = F7A7AB35CED17D75500E5AF1 /* APIClient.swift */; };
		4A35287097CCC4C3E2479F16 /* SMSParser.swift in Sources */ = {isa = PBXBuildFile; fileRef = 7F4EBBF2422130E162828054 /* SMSParser.swift */; };
		4B117A31774BF9F428CFB325 /* TransactionSource.swift in Sources */ = {isa = PBXBuildFile; fileRef = 51872C806C150DBEB4911CE0 /* TransactionSource.swift */; };
		4D452DD8653EBD5719C17E71 /* ShareParseView.swift in Sources */ = {isa = PBXBuildFile; fileRef = 39BAA951EBB47E6056A50796 /* ShareParseView.swift */; };
		4DA6EEBAB8E662AE8B083851 /* PnL.swift in Sources */ = {isa = PBXBuildFile; fileRef = 8B38440EFFA21F1F82715A28 /* PnL.swift */; };
		53249838281A74655483AFB7 /* VoiceInputManager.swift in Sources */ = {isa = PBXBuildFile; fileRef = 62B4BED05BA08985B221A10E /* VoiceInputManager.swift */; };
		532DD8E6ECC926BCC1FD1509 /* TaxViewModel.swift in Sources */ = {isa = PBXBuildFile; fileRef = FC923A07AB37977277909C3D /* TaxViewModel.swift */; };
		534ECAFF107E837DD93B8F8B /* CashFlowDetailView.swift in Sources */ = {isa = PBXBuildFile; fileRef = DC01C5EC8EE86264958FA807 /* CashFlowDetailView.swift */; };
		536F84E5A6B17503306735DC /* Insight.swift in Sources */ = {isa = PBXBuildFile; fileRef = 3E1A9031C01D7ABAC3322EC7 /* Insight.swift */; };
		53832F634D193A1E432C69C9 /* UserEntity.swift in Sources */ = {isa = PBXBuildFile; fileRef = 2BF5014B27266B9CEA6DC11C /* UserEntity.swift */; };
		5455763DEB51751F2BD30444 /* MonthlyData.swift in Sources */ = {isa = PBXBuildFile; fileRef = 1F93123DFD18F0824E532091 /* MonthlyData.swift */; };
		58B22BC0114CF4DC17035316 /* LottieSuccessView.swift in Sources */ = {isa = PBXBuildFile; fileRef = 400E887DDE95D38E6E31F0E5 /* LottieSuccessView.swift */; };
		5DDB9EEE1ED1D2F26BE47D49 /* TaxStatus.swift in Sources */ = {isa = PBXBuildFile; fileRef = D369C24192D675392A205C4B /* TaxStatus.swift */; };
		5F258607B2857A0A18A56191 /* FineryLoadingView.swift in Sources */ = {isa = PBXBuildFile; fileRef = 863573B06FC5E41B69167E2D /* FineryLoadingView.swift */; };
		615CA91F82633A7A2C1F40E1 /* SettingsView.swift in Sources */ = {isa = PBXBuildFile; fileRef = C9712285D88F65D5F9E23430 /* SettingsView.swift */; };
		63F588343BAA0A9F61EF7E98 /* HapticManager.swift in Sources */ = {isa = PBXBuildFile; fileRef = 4F2B3F9FFFE9B4D34E99D83B /* HapticManager.swift */; };
		66A5600124C7BC8D79DED2F3 /* ShareViewController.swift in Sources */ = {isa = PBXBuildFile; fileRef = DFE781407181245CE7FA36D7 /* ShareViewController.swift */; };
		69EE6214CEEE4E981569C361 /* NpdForecast.swift in Sources */ = {isa = PBXBuildFile; fileRef = 7B61AE2C60CB6C56EADB79A8 /* NpdForecast.swift */; };
		6DCA2D6AF64B014023F819EC /* FloatingTabBar.swift in Sources */ = {isa = PBXBuildFile; fileRef = 9E8A3D0228E2EE3ADAE37A86 /* FloatingTabBar.swift */; };
		6DF61355766320364D5B7694 /* SettingsViewModel.swift in Sources */ = {isa = PBXBuildFile; fileRef = 5B9757BE2B397BAF4F9FA65C /* SettingsViewModel.swift */; };
		6E6125F31DD589B6E94B881C /* InvoicesViewModel.swift in Sources */ = {isa = PBXBuildFile; fileRef = 4E2B0D520284CDD9E5311821 /* InvoicesViewModel.swift */; };
		73A07650822DCFC310BAAA24 /* AddTransactionViewModel.swift in Sources */ = {isa = PBXBuildFile; fileRef = EC1DD97467BB97D3809D9D2F /* AddTransactionViewModel.swift */; };
		762B77DCEDCB65E919D99691 /* DashboardViewModel.swift in Sources */ = {isa = PBXBuildFile; fileRef = DFD3FEDDD06A99D9BC586E2C /* DashboardViewModel.swift */; };
		76DEB4E0F6633C40309AF3FC /* ClientType.swift in Sources */ = {isa = PBXBuildFile; fileRef = BEA0EF0BBE34BD802AD3109C /* ClientType.swift */; };
		83A1CEE1D24421BC3A2C5054 /* GetMonthlyDynamicsUseCase.swift in Sources */ = {isa = PBXBuildFile; fileRef = 9BBDDAAF81E5B7A4C4D22783 /* GetMonthlyDynamicsUseCase.swift */; };
		855F45860FA1BB1228C677B7 /* DashboardView.swift in Sources */ = {isa = PBXBuildFile; fileRef = F9FDB18528D5474099877283 /* DashboardView.swift */; };
		8D0140B10201060ACBAD81ED /* LoginView.swift in Sources */ = {isa = PBXBuildFile; fileRef = 90EB6D6C94F4C5C5E5716B66 /* LoginView.swift */; };
		8EE633667226AA1DE8A959AE /* ScreenshotTests.swift in Sources */ = {isa = PBXBuildFile; fileRef = 44189399A774FD5E8FAE4227 /* ScreenshotTests.swift */; };
		8F9F6A6C899C207AED931882 /* RootView.swift in Sources */ = {isa = PBXBuildFile; fileRef = 940998E028CB628BB760FF7D /* RootView.swift */; };
		90E4BB00223A7EE0CDA8AB30 /* ForgotPasswordView.swift in Sources */ = {isa = PBXBuildFile; fileRef = 37EC1D8CBB961AC2E1444958 /* ForgotPasswordView.swift */; };
		91F65F1ED379AC120FFD37F5 /* AIAdvisorView.swift in Sources */ = {isa = PBXBuildFile; fileRef = FAD991AABB2B8D7E927E3944 /* AIAdvisorView.swift */; };
		977403F6A9A4693D5687BDD9 /* CalculateTaxUseCase.swift in Sources */ = {isa = PBXBuildFile; fileRef = 21AE10AC2F9610FBD58E82A5 /* CalculateTaxUseCase.swift */; };
		99749BD373E8E06A3CC8378B /* TaxMode.swift in Sources */ = {isa = PBXBuildFile; fileRef = 82440E40D8C6C2AE2D27D8A5 /* TaxMode.swift */; };
		ADE05D6F2C7A8BB1596F7047 /* CashFlowForecast.swift in Sources */ = {isa = PBXBuildFile; fileRef = 037A0F1ACA321DF3BE7740A4 /* CashFlowForecast.swift */; };
		B183A2A671407F2C3CFB56B2 /* AppContainer.swift in Sources */ = {isa = PBXBuildFile; fileRef = 866B1A5E002A254F53748A3D /* AppContainer.swift */; };
		B3213706B3839773FB09DBB5 /* TransactionDirection.swift in Sources */ = {isa = PBXBuildFile; fileRef = C21FF8736E7CAAF54FB5048F /* TransactionDirection.swift */; };
		B3B0734E6DF2C86A4AA73AD2 /* FineryTheme.swift in Sources */ = {isa = PBXBuildFile; fileRef = D63DC38B29DA04BE54BB2733 /* FineryTheme.swift */; };
		BBE61F28FF7F44CA4B840E0A /* AuthViewModel.swift in Sources */ = {isa = PBXBuildFile; fileRef = E262ACD8872F105202BFDD43 /* AuthViewModel.swift */; };
		C2E7BB8D40E2E138E609556A /* AuthFlowView.swift in Sources */ = {isa = PBXBuildFile; fileRef = A8BB4775422C9B1A7C044A2F /* AuthFlowView.swift */; };
		C5FAC65990E36490FCD90CE6 /* SeasonalAnalysis.swift in Sources */ = {isa = PBXBuildFile; fileRef = E760E5BD4242916BFCB60779 /* SeasonalAnalysis.swift */; };
		CE61AB72C74CD48311DFED14 /* FineryApp.swift in Sources */ = {isa = PBXBuildFile; fileRef = 94113177E3F1122E055454B2 /* FineryApp.swift */; };
		CFC26F9E8EE72DC53CA13631 /* MockRepositories.swift in Sources */ = {isa = PBXBuildFile; fileRef = 33A4C68A92997653ED71CE4E /* MockRepositories.swift */; };
		D01F67461C845B0820DAB27D /* Shimmer in Frameworks */ = {isa = PBXBuildFile; productRef = B3B07C11F2BB4F4E4D734903 /* Shimmer */; };
		D1E17F9EB7662E4DDC587927 /* TransactionEntity.swift in Sources */ = {isa = PBXBuildFile; fileRef = EBFB152A8697C84E2E8ECF71 /* TransactionEntity.swift */; };
		D3BCE7803F11A3783E09BE42 /* CategoryPickerSheet.swift in Sources */ = {isa = PBXBuildFile; fileRef = 61476A1B0B47403B4E2673FB /* CategoryPickerSheet.swift */; };
		D5B323A2400D0070F2213C0D /* Transaction.swift in Sources */ = {isa = PBXBuildFile; fileRef = 9AF7D02C675F33D63441B89E /* Transaction.swift */; };
		D7182FC815B11F3DD24A2F60 /* SplashView.swift in Sources */ = {isa = PBXBuildFile; fileRef = BA49D022D88246DAE9865205 /* SplashView.swift */; };
		D789751EE9F1C41C9E192FDF /* FineryWidget.swift in Sources */ = {isa = PBXBuildFile; fileRef = E139FBE98B7DA646DE25EFD3 /* FineryWidget.swift */; };
		D94CCCD1E9570EDA6DF9A8C7 /* TransactionsView.swift in Sources */ = {isa = PBXBuildFile; fileRef = 5E139A4F9AFC176D183F3632 /* TransactionsView.swift */; };
		E9DEF104FE00898537267D34 /* TaxView.swift in Sources */ = {isa = PBXBuildFile; fileRef = 4E3B3F7DAC41282629E2C6B2 /* TaxView.swift */; };
		EF17431F6C6E5E98DAFC0E60 /* User.swift in Sources */ = {isa = PBXBuildFile; fileRef = FDCE5CF5E48714BC763B1ED2 /* User.swift */; };
		F02E47C278A316C5A22F8722 /* NetworkDebugView.swift in Sources */ = {isa = PBXBuildFile; fileRef = 9FE83955C51012112BD1C60A /* NetworkDebugView.swift */; };
		F03FCD35C229BA94095A1AB6 /* Client.swift in Sources */ = {isa = PBXBuildFile; fileRef = C900F261B1963F026CD898B2 /* Client.swift */; };
		F1AE7C2A94B173851217D863 /* AnalyticsView.swift in Sources */ = {isa = PBXBuildFile; fileRef = B73BE6B840255FE525903F14 /* AnalyticsView.swift */; };
		F32D6FF0C5E47010341EA8E2 /* TaxCalculatorTests.swift in Sources */ = {isa = PBXBuildFile; fileRef = 8FCDD1C9C2F31381AC106478 /* TaxCalculatorTests.swift */; };
		F430E274A1D416043C4DCDB8 /* TransactionsViewModel.swift in Sources */ = {isa = PBXBuildFile; fileRef = 5F2C94236A147B2275A4C7B4 /* TransactionsViewModel.swift */; };
		F5A4780A6555EA06DF2D87DA /* Lottie in Frameworks */ = {isa = PBXBuildFile; productRef = 43249DC6BB94489E878746F4 /* Lottie */; };
		F7554B4154E8B9D123B58552 /* FineryPDFGenerator.swift in Sources */ = {isa = PBXBuildFile; fileRef = 38A22F96E80B26D493834CA4 /* FineryPDFGenerator.swift */; };
		F950C54839946E228199F9E2 /* IncomeCategory.swift in Sources */ = {isa = PBXBuildFile; fileRef = D6594DF992676C1A5BDA9E7F /* IncomeCategory.swift */; };
		FAA10A31048A1AD78FC78D3F /* UserRepository.swift in Sources */ = {isa = PBXBuildFile; fileRef = A808E46673806C37D5BF707B /* UserRepository.swift */; };
		FAB77131057F49CD90964829 /* WelcomeView.swift in Sources */ = {isa = PBXBuildFile; fileRef = 7E73C5652F8D4587F8E71CE1 /* WelcomeView.swift */; };
/* End PBXBuildFile section */

/* Begin PBXContainerItemProxy section */
		3BB209E13E5EDF9D419E90B3 /* PBXContainerItemProxy */ = {
			isa = PBXContainerItemProxy;
			containerPortal = FE88024E604A1C5DF0261666 /* Project object */;
			proxyType = 1;
			remoteGlobalIDString = 2515D379705AE448BB7D130D;
			remoteInfo = Finery;
		};
		8BEBCACF34A3DA5C44373F4E /* PBXContainerItemProxy */ = {
			isa = PBXContainerItemProxy;
			containerPortal = FE88024E604A1C5DF0261666 /* Project object */;
			proxyType = 1;
			remoteGlobalIDString = 2515D379705AE448BB7D130D;
			remoteInfo = Finery;
		};
/* End PBXContainerItemProxy section */

/* Begin PBXFileReference section */
		037A0F1ACA321DF3BE7740A4 /* CashFlowForecast.swift */ = {isa = PBXFileReference; lastKnownFileType = sourcecode.swift; path = CashFlowForecast.swift; sourceTree = "<group>"; };
		0C00BB60C8DA88F1771E5540 /* AddTransactionView.swift */ = {isa = PBXFileReference; lastKnownFileType = sourcecode.swift; path = AddTransactionView.swift; sourceTree = "<group>"; };
		0D88CD843413770BF082111D /* Info.plist */ = {isa = PBXFileReference; lastKnownFileType = text.plist; path = Info.plist; sourceTree = "<group>"; };
		12B56BD4CA668CF84630EEE1 /* PreviewData.swift */ = {isa = PBXFileReference; lastKnownFileType = sourcecode.swift; path = PreviewData.swift; sourceTree = "<group>"; };
		186B0AECC2A01E3E467153CD /* StoreBackedTransactionRepository.swift */ = {isa = PBXFileReference; lastKnownFileType = sourcecode.swift; path = StoreBackedTransactionRepository.swift; sourceTree = "<group>"; };
		1F93123DFD18F0824E532091 /* MonthlyData.swift */ = {isa = PBXFileReference; lastKnownFileType = sourcecode.swift; path = MonthlyData.swift; sourceTree = "<group>"; };
		21AE10AC2F9610FBD58E82A5 /* CalculateTaxUseCase.swift */ = {isa = PBXFileReference; lastKnownFileType = sourcecode.swift; path = CalculateTaxUseCase.swift; sourceTree = "<group>"; };
		2BF5014B27266B9CEA6DC11C /* UserEntity.swift */ = {isa = PBXFileReference; lastKnownFileType = sourcecode.swift; path = UserEntity.swift; sourceTree = "<group>"; };
		2D3C9EFD3FC5B539D890FE46 /* SharedDataService.swift */ = {isa = PBXFileReference; lastKnownFileType = sourcecode.swift; path = SharedDataService.swift; sourceTree = "<group>"; };
		33A4C68A92997653ED71CE4E /* MockRepositories.swift */ = {isa = PBXFileReference; lastKnownFileType = sourcecode.swift; path = MockRepositories.swift; sourceTree = "<group>"; };
		37EC1D8CBB961AC2E1444958 /* ForgotPasswordView.swift */ = {isa = PBXFileReference; lastKnownFileType = sourcecode.swift; path = ForgotPasswordView.swift; sourceTree = "<group>"; };
		3811D27CA7EECCC81FAAA3DB /* ClientsViewModel.swift */ = {isa = PBXFileReference; lastKnownFileType = sourcecode.swift; path = ClientsViewModel.swift; sourceTree = "<group>"; };
		38A22F96E80B26D493834CA4 /* FineryPDFGenerator.swift */ = {isa = PBXFileReference; lastKnownFileType = sourcecode.swift; path = FineryPDFGenerator.swift; sourceTree = "<group>"; };
		39BAA951EBB47E6056A50796 /* ShareParseView.swift */ = {isa = PBXFileReference; lastKnownFileType = sourcecode.swift; path = ShareParseView.swift; sourceTree = "<group>"; };
		3E1A9031C01D7ABAC3322EC7 /* Insight.swift */ = {isa = PBXFileReference; lastKnownFileType = sourcecode.swift; path = Insight.swift; sourceTree = "<group>"; };
		400E887DDE95D38E6E31F0E5 /* LottieSuccessView.swift */ = {isa = PBXFileReference; lastKnownFileType = sourcecode.swift; path = LottieSuccessView.swift; sourceTree = "<group>"; };
		4364BE73D18016B547D1E0B5 /* ChatView.swift */ = {isa = PBXFileReference; lastKnownFileType = sourcecode.swift; path = ChatView.swift; sourceTree = "<group>"; };
		44189399A774FD5E8FAE4227 /* ScreenshotTests.swift */ = {isa = PBXFileReference; lastKnownFileType = sourcecode.swift; path = ScreenshotTests.swift; sourceTree = "<group>"; };
		4549C8183DDAA6A1F4D00996 /* FineryTests.xctest */ = {isa = PBXFileReference; includeInIndex = 0; lastKnownFileType = wrapper.cfbundle; path = FineryTests.xctest; sourceTree = BUILT_PRODUCTS_DIR; };
		4E2B0D520284CDD9E5311821 /* InvoicesViewModel.swift */ = {isa = PBXFileReference; lastKnownFileType = sourcecode.swift; path = InvoicesViewModel.swift; sourceTree = "<group>"; };
		4E3B3F7DAC41282629E2C6B2 /* TaxView.swift */ = {isa = PBXFileReference; lastKnownFileType = sourcecode.swift; path = TaxView.swift; sourceTree = "<group>"; };
		4F2B3F9FFFE9B4D34E99D83B /* HapticManager.swift */ = {isa = PBXFileReference; lastKnownFileType = sourcecode.swift; path = HapticManager.swift; sourceTree = "<group>"; };
		51872C806C150DBEB4911CE0 /* TransactionSource.swift */ = {isa = PBXFileReference; lastKnownFileType = sourcecode.swift; path = TransactionSource.swift; sourceTree = "<group>"; };
		52B7428812D629E1EEDF5B7D /* GetInsightsUseCase.swift */ = {isa = PBXFileReference; lastKnownFileType = sourcecode.swift; path = GetInsightsUseCase.swift; sourceTree = "<group>"; };
		536977A95B8339D67FF45B42 /* Assets.xcassets */ = {isa = PBXFileReference; lastKnownFileType = folder.assetcatalog; path = Assets.xcassets; sourceTree = "<group>"; };
		5537288A26312E121FEE587C /* Finery.entitlements */ = {isa = PBXFileReference; lastKnownFileType = text.plist.entitlements; path = Finery.entitlements; sourceTree = "<group>"; };
		5A23D73F7A964B88C2347CC9 /* InvoiceView.swift */ = {isa = PBXFileReference; lastKnownFileType = sourcecode.swift; path = InvoiceView.swift; sourceTree = "<group>"; };
		5B9757BE2B397BAF4F9FA65C /* SettingsViewModel.swift */ = {isa = PBXFileReference; lastKnownFileType = sourcecode.swift; path = SettingsViewModel.swift; sourceTree = "<group>"; };
		5E139A4F9AFC176D183F3632 /* TransactionsView.swift */ = {isa = PBXFileReference; lastKnownFileType = sourcecode.swift; path = TransactionsView.swift; sourceTree = "<group>"; };
		5F2C94236A147B2275A4C7B4 /* TransactionsViewModel.swift */ = {isa = PBXFileReference; lastKnownFileType = sourcecode.swift; path = TransactionsViewModel.swift; sourceTree = "<group>"; };
		61476A1B0B47403B4E2673FB /* CategoryPickerSheet.swift */ = {isa = PBXFileReference; lastKnownFileType = sourcecode.swift; path = CategoryPickerSheet.swift; sourceTree = "<group>"; };
		62B4BED05BA08985B221A10E /* VoiceInputManager.swift */ = {isa = PBXFileReference; lastKnownFileType = sourcecode.swift; path = VoiceInputManager.swift; sourceTree = "<group>"; };
		64B6E0D5E7B5285B6516722D /* NotificationService.swift */ = {isa = PBXFileReference; lastKnownFileType = sourcecode.swift; path = NotificationService.swift; sourceTree = "<group>"; };
		7B61AE2C60CB6C56EADB79A8 /* NpdForecast.swift */ = {isa = PBXFileReference; lastKnownFileType = sourcecode.swift; path = NpdForecast.swift; sourceTree = "<group>"; };
		7E73C5652F8D4587F8E71CE1 /* WelcomeView.swift */ = {isa = PBXFileReference; lastKnownFileType = sourcecode.swift; path = WelcomeView.swift; sourceTree = "<group>"; };
		7F4EBBF2422130E162828054 /* SMSParser.swift */ = {isa = PBXFileReference; lastKnownFileType = sourcecode.swift; path = SMSParser.swift; sourceTree = "<group>"; };
		82440E40D8C6C2AE2D27D8A5 /* TaxMode.swift */ = {isa = PBXFileReference; lastKnownFileType = sourcecode.swift; path = TaxMode.swift; sourceTree = "<group>"; };
		863573B06FC5E41B69167E2D /* FineryLoadingView.swift */ = {isa = PBXFileReference; lastKnownFileType = sourcecode.swift; path = FineryLoadingView.swift; sourceTree = "<group>"; };
		866B1A5E002A254F53748A3D /* AppContainer.swift */ = {isa = PBXFileReference; lastKnownFileType = sourcecode.swift; path = AppContainer.swift; sourceTree = "<group>"; };
		8B38440EFFA21F1F82715A28 /* PnL.swift */ = {isa = PBXFileReference; lastKnownFileType = sourcecode.swift; path = PnL.swift; sourceTree = "<group>"; };
		8E11AB2848324149C0B3D7CB /* Invoice.swift */ = {isa = PBXFileReference; lastKnownFileType = sourcecode.swift; path = Invoice.swift; sourceTree = "<group>"; };
		8E269B3C38185B26E8B4184F /* FineryShare.appex */ = {isa = PBXFileReference; includeInIndex = 0; lastKnownFileType = "wrapper.app-extension"; path = FineryShare.appex; sourceTree = BUILT_PRODUCTS_DIR; };
		8FCDD1C9C2F31381AC106478 /* TaxCalculatorTests.swift */ = {isa = PBXFileReference; lastKnownFileType = sourcecode.swift; path = TaxCalculatorTests.swift; sourceTree = "<group>"; };
		90EB6D6C94F4C5C5E5716B66 /* LoginView.swift */ = {isa = PBXFileReference; lastKnownFileType = sourcecode.swift; path = LoginView.swift; sourceTree = "<group>"; };
		9286A23592206481E6E093FA /* ExpenseCategory.swift */ = {isa = PBXFileReference; lastKnownFileType = sourcecode.swift; path = ExpenseCategory.swift; sourceTree = "<group>"; };
		940998E028CB628BB760FF7D /* RootView.swift */ = {isa = PBXFileReference; lastKnownFileType = sourcecode.swift; path = RootView.swift; sourceTree = "<group>"; };
		94113177E3F1122E055454B2 /* FineryApp.swift */ = {isa = PBXFileReference; lastKnownFileType = sourcecode.swift; path = FineryApp.swift; sourceTree = "<group>"; };
		95678B2FCADDFF394411419B /* Info.plist */ = {isa = PBXFileReference; lastKnownFileType = text.plist; path = Info.plist; sourceTree = "<group>"; };
		974BD75AB3FE1C6176DB1293 /* GetPnLUseCase.swift */ = {isa = PBXFileReference; lastKnownFileType = sourcecode.swift; path = GetPnLUseCase.swift; sourceTree = "<group>"; };
		9925A0E4CA8F1006122C1BD8 /* TaxCalculatorService.swift */ = {isa = PBXFileReference; lastKnownFileType = sourcecode.swift; path = TaxCalculatorService.swift; sourceTree = "<group>"; };
		9AF7D02C675F33D63441B89E /* Transaction.swift */ = {isa = PBXFileReference; lastKnownFileType = sourcecode.swift; path = Transaction.swift; sourceTree = "<group>"; };
		9BBDDAAF81E5B7A4C4D22783 /* GetMonthlyDynamicsUseCase.swift */ = {isa = PBXFileReference; lastKnownFileType = sourcecode.swift; path = GetMonthlyDynamicsUseCase.swift; sourceTree = "<group>"; };
		9DE470362E77980A05FBBA37 /* TransactionLocalRepository.swift */ = {isa = PBXFileReference; lastKnownFileType = sourcecode.swift; path = TransactionLocalRepository.swift; sourceTree = "<group>"; };
		9E8A3D0228E2EE3ADAE37A86 /* FloatingTabBar.swift */ = {isa = PBXFileReference; lastKnownFileType = sourcecode.swift; path = FloatingTabBar.swift; sourceTree = "<group>"; };
		9F40AEF0915FDE1ADF55A664 /* Finery.app */ = {isa = PBXFileReference; explicitFileType = wrapper.application; includeInIndex = 0; path = Finery.app; sourceTree = BUILT_PRODUCTS_DIR; };
		9FE83955C51012112BD1C60A /* NetworkDebugView.swift */ = {isa = PBXFileReference; lastKnownFileType = sourcecode.swift; path = NetworkDebugView.swift; sourceTree = "<group>"; };
		A808E46673806C37D5BF707B /* UserRepository.swift */ = {isa = PBXFileReference; lastKnownFileType = sourcecode.swift; path = UserRepository.swift; sourceTree = "<group>"; };
		A8BB4775422C9B1A7C044A2F /* AuthFlowView.swift */ = {isa = PBXFileReference; lastKnownFileType = sourcecode.swift; path = AuthFlowView.swift; sourceTree = "<group>"; };
		A8F86C2EED64EC8EC4EA3257 /* ClientsView.swift */ = {isa = PBXFileReference; lastKnownFileType = sourcecode.swift; path = ClientsView.swift; sourceTree = "<group>"; };
		AB8D7D57EA3C0EC851F0F031 /* AIService.swift */ = {isa = PBXFileReference; lastKnownFileType = sourcecode.swift; path = AIService.swift; sourceTree = "<group>"; };
		B0948239B5CC62ED44EAD4F7 /* FineryWidget.appex */ = {isa = PBXFileReference; includeInIndex = 0; lastKnownFileType = "wrapper.app-extension"; path = FineryWidget.appex; sourceTree = BUILT_PRODUCTS_DIR; };
		B73BE6B840255FE525903F14 /* AnalyticsView.swift */ = {isa = PBXFileReference; lastKnownFileType = sourcecode.swift; path = AnalyticsView.swift; sourceTree = "<group>"; };
		B84589DEF693D5737501347D /* ClassifyTransactionUseCase.swift */ = {isa = PBXFileReference; lastKnownFileType = sourcecode.swift; path = ClassifyTransactionUseCase.swift; sourceTree = "<group>"; };
		BA49D022D88246DAE9865205 /* SplashView.swift */ = {isa = PBXFileReference; lastKnownFileType = sourcecode.swift; path = SplashView.swift; sourceTree = "<group>"; };
		BEA0EF0BBE34BD802AD3109C /* ClientType.swift */ = {isa = PBXFileReference; lastKnownFileType = sourcecode.swift; path = ClientType.swift; sourceTree = "<group>"; };
		C21FF8736E7CAAF54FB5048F /* TransactionDirection.swift */ = {isa = PBXFileReference; lastKnownFileType = sourcecode.swift; path = TransactionDirection.swift; sourceTree = "<group>"; };
		C4B594F31B53AA1F9EDB46E9 /* Constants.swift */ = {isa = PBXFileReference; lastKnownFileType = sourcecode.swift; path = Constants.swift; sourceTree = "<group>"; };
		C900F261B1963F026CD898B2 /* Client.swift */ = {isa = PBXFileReference; lastKnownFileType = sourcecode.swift; path = Client.swift; sourceTree = "<group>"; };
		C9712285D88F65D5F9E23430 /* SettingsView.swift */ = {isa = PBXFileReference; lastKnownFileType = sourcecode.swift; path = SettingsView.swift; sourceTree = "<group>"; };
		D369C24192D675392A205C4B /* TaxStatus.swift */ = {isa = PBXFileReference; lastKnownFileType = sourcecode.swift; path = TaxStatus.swift; sourceTree = "<group>"; };
		D63DC38B29DA04BE54BB2733 /* FineryTheme.swift */ = {isa = PBXFileReference; lastKnownFileType = sourcecode.swift; path = FineryTheme.swift; sourceTree = "<group>"; };
		D6594DF992676C1A5BDA9E7F /* IncomeCategory.swift */ = {isa = PBXFileReference; lastKnownFileType = sourcecode.swift; path = IncomeCategory.swift; sourceTree = "<group>"; };
		D6F747A35F6E89CF3EFE0629 /* UserLocalRepository.swift */ = {isa = PBXFileReference; lastKnownFileType = sourcecode.swift; path = UserLocalRepository.swift; sourceTree = "<group>"; };
		DBA3BDDB6EC21859BC0FAF0A /* TransactionStore.swift */ = {isa = PBXFileReference; lastKnownFileType = sourcecode.swift; path = TransactionStore.swift; sourceTree = "<group>"; };
		DC01C5EC8EE86264958FA807 /* CashFlowDetailView.swift */ = {isa = PBXFileReference; lastKnownFileType = sourcecode.swift; path = CashFlowDetailView.swift; sourceTree = "<group>"; };
		DCE055888C0EC773FBED99DC /* success.json */ = {isa = PBXFileReference; lastKnownFileType = text.json; path = success.json; sourceTree = "<group>"; };
		DFD3FEDDD06A99D9BC586E2C /* DashboardViewModel.swift */ = {isa = PBXFileReference; lastKnownFileType = sourcecode.swift; path = DashboardViewModel.swift; sourceTree = "<group>"; };
		DFE781407181245CE7FA36D7 /* ShareViewController.swift */ = {isa = PBXFileReference; lastKnownFileType = sourcecode.swift; path = ShareViewController.swift; sourceTree = "<group>"; };
		E139FBE98B7DA646DE25EFD3 /* FineryWidget.swift */ = {isa = PBXFileReference; lastKnownFileType = sourcecode.swift; path = FineryWidget.swift; sourceTree = "<group>"; };
		E262ACD8872F105202BFDD43 /* AuthViewModel.swift */ = {isa = PBXFileReference; lastKnownFileType = sourcecode.swift; path = AuthViewModel.swift; sourceTree = "<group>"; };
		E4A3D50A4B2CBBE238524D0D /* AnalyticsViewModel.swift */ = {isa = PBXFileReference; lastKnownFileType = sourcecode.swift; path = AnalyticsViewModel.swift; sourceTree = "<group>"; };
		E760E5BD4242916BFCB60779 /* SeasonalAnalysis.swift */ = {isa = PBXFileReference; lastKnownFileType = sourcecode.swift; path = SeasonalAnalysis.swift; sourceTree = "<group>"; };
		E93820A671554C608923316D /* TransactionRepository.swift */ = {isa = PBXFileReference; lastKnownFileType = sourcecode.swift; path = TransactionRepository.swift; sourceTree = "<group>"; };
		EBFB152A8697C84E2E8ECF71 /* TransactionEntity.swift */ = {isa = PBXFileReference; lastKnownFileType = sourcecode.swift; path = TransactionEntity.swift; sourceTree = "<group>"; };
		EC1DD97467BB97D3809D9D2F /* AddTransactionViewModel.swift */ = {isa = PBXFileReference; lastKnownFileType = sourcecode.swift; path = AddTransactionViewModel.swift; sourceTree = "<group>"; };
		F290DAB89D8CFCE0528870E3 /* InsightRow.swift */ = {isa = PBXFileReference; lastKnownFileType = sourcecode.swift; path = InsightRow.swift; sourceTree = "<group>"; };
		F7A7AB35CED17D75500E5AF1 /* APIClient.swift */ = {isa = PBXFileReference; lastKnownFileType = sourcecode.swift; path = APIClient.swift; sourceTree = "<group>"; };
		F8810F65A98B400AFE5A590F /* FineryUITests.xctest */ = {isa = PBXFileReference; includeInIndex = 0; lastKnownFileType = wrapper.cfbundle; path = FineryUITests.xctest; sourceTree = BUILT_PRODUCTS_DIR; };
		F9FDB18528D5474099877283 /* DashboardView.swift */ = {isa = PBXFileReference; lastKnownFileType = sourcecode.swift; path = DashboardView.swift; sourceTree = "<group>"; };
		FAD991AABB2B8D7E927E3944 /* AIAdvisorView.swift */ = {isa = PBXFileReference; lastKnownFileType = sourcecode.swift; path = AIAdvisorView.swift; sourceTree = "<group>"; };
		FC923A07AB37977277909C3D /* TaxViewModel.swift */ = {isa = PBXFileReference; lastKnownFileType = sourcecode.swift; path = TaxViewModel.swift; sourceTree = "<group>"; };
		FDCE5CF5E48714BC763B1ED2 /* User.swift */ = {isa = PBXFileReference; lastKnownFileType = sourcecode.swift; path = User.swift; sourceTree = "<group>"; };
/* End PBXFileReference section */

/* Begin PBXFrameworksBuildPhase section */
		A2B26546D7B8B377D961F595 /* Frameworks */ = {
			isa = PBXFrameworksBuildPhase;
			buildActionMask = 2147483647;
			files = (
				447D6B5CA8337259EC304907 /* Pow in Frameworks */,
				F5A4780A6555EA06DF2D87DA /* Lottie in Frameworks */,
				D01F67461C845B0820DAB27D /* Shimmer in Frameworks */,
			);
			runOnlyForDeploymentPostprocessing = 0;
		};
/* End PBXFrameworksBuildPhase section */

/* Begin PBXGroup section */
		0245ACB5F99A2B7FF52302C3 = {
			isa = PBXGroup;
			children = (
				8FBCCF9833F5AA4643284D82 /* Finery */,
				4BC6EF36881826E0F768ACDD /* FineryShare */,
				437E92DB0EE17E04892611C6 /* FineryTests */,
				D9D1057C86A8A4E3D9E8A2FF /* FineryUITests */,
				08598EB0963FA22A635ABCBA /* FineryWidget */,
				D52C16B1DE4768134BF7005C /* Products */,
			);
			sourceTree = "<group>";
		};
		026D4551C3670886D07E6F10 /* Auth */ = {
			isa = PBXGroup;
			children = (
				A8BB4775422C9B1A7C044A2F /* AuthFlowView.swift */,
				E262ACD8872F105202BFDD43 /* AuthViewModel.swift */,
				37EC1D8CBB961AC2E1444958 /* ForgotPasswordView.swift */,
				90EB6D6C94F4C5C5E5716B66 /* LoginView.swift */,
			);
			path = Auth;
			sourceTree = "<group>";
		};
		0659E97BCDF2945E7D76FD26 /* SwiftData */ = {
			isa = PBXGroup;
			children = (
				EBFB152A8697C84E2E8ECF71 /* TransactionEntity.swift */,
				2BF5014B27266B9CEA6DC11C /* UserEntity.swift */,
			);
			path = SwiftData;
			sourceTree = "<group>";
		};
		08598EB0963FA22A635ABCBA /* FineryWidget */ = {
			isa = PBXGroup;
			children = (
				E139FBE98B7DA646DE25EFD3 /* FineryWidget.swift */,
				0D88CD843413770BF082111D /* Info.plist */,
			);
			path = FineryWidget;
			sourceTree = "<group>";
		};
		0AE98E9682AA193DD926E0A5 /* Domain */ = {
			isa = PBXGroup;
			children = (
				1C255AFD284A6BCAD2691BF8 /* Models */,
				920F93EBC91EC087B7552F31 /* Repositories */,
				36627E3301744F578BC9D5BC /* Services */,
				1472DC488EEE95C6062AB1A6 /* UseCases */,
			);
			path = Domain;
			sourceTree = "<group>";
		};
		1472DC488EEE95C6062AB1A6 /* UseCases */ = {
			isa = PBXGroup;
			children = (
				21AE10AC2F9610FBD58E82A5 /* CalculateTaxUseCase.swift */,
				B84589DEF693D5737501347D /* ClassifyTransactionUseCase.swift */,
				52B7428812D629E1EEDF5B7D /* GetInsightsUseCase.swift */,
				9BBDDAAF81E5B7A4C4D22783 /* GetMonthlyDynamicsUseCase.swift */,
				974BD75AB3FE1C6176DB1293 /* GetPnLUseCase.swift */,
			);
			path = UseCases;
			sourceTree = "<group>";
		};
		1C255AFD284A6BCAD2691BF8 /* Models */ = {
			isa = PBXGroup;
			children = (
				037A0F1ACA321DF3BE7740A4 /* CashFlowForecast.swift */,
				C900F261B1963F026CD898B2 /* Client.swift */,
				3E1A9031C01D7ABAC3322EC7 /* Insight.swift */,
				8E11AB2848324149C0B3D7CB /* Invoice.swift */,
				1F93123DFD18F0824E532091 /* MonthlyData.swift */,
				7B61AE2C60CB6C56EADB79A8 /* NpdForecast.swift */,
				8B38440EFFA21F1F82715A28 /* PnL.swift */,
				E760E5BD4242916BFCB60779 /* SeasonalAnalysis.swift */,
				D369C24192D675392A205C4B /* TaxStatus.swift */,
				9AF7D02C675F33D63441B89E /* Transaction.swift */,
				FDCE5CF5E48714BC763B1ED2 /* User.swift */,
				38021F5FB7007C69DDA08E4B /* Enums */,
			);
			path = Models;
			sourceTree = "<group>";
		};
		1D859BB1E5263BF014ADFCDB /* Data */ = {
			isa = PBXGroup;
			children = (
				2D3C9EFD3FC5B539D890FE46 /* SharedDataService.swift */,
				186B0AECC2A01E3E467153CD /* StoreBackedTransactionRepository.swift */,
				DBA3BDDB6EC21859BC0FAF0A /* TransactionStore.swift */,
				7DEF06C69FA691FEC83CF934 /* Local */,
				0659E97BCDF2945E7D76FD26 /* SwiftData */,
			);
			path = Data;
			sourceTree = "<group>";
		};
		2A831A591B46393F13E9CAA6 /* Components */ = {
			isa = PBXGroup;
			children = (
				863573B06FC5E41B69167E2D /* FineryLoadingView.swift */,
				9E8A3D0228E2EE3ADAE37A86 /* FloatingTabBar.swift */,
				F290DAB89D8CFCE0528870E3 /* InsightRow.swift */,
				400E887DDE95D38E6E31F0E5 /* LottieSuccessView.swift */,
			);
			path = Components;
			sourceTree = "<group>";
		};
		2DA45C7BDF7A606D770AC4EA /* Splash */ = {
			isa = PBXGroup;
			children = (
				BA49D022D88246DAE9865205 /* SplashView.swift */,
			);
			path = Splash;
			sourceTree = "<group>";
		};
		3632FBF2174281E277BFAAA6 /* AddTransaction */ = {
			isa = PBXGroup;
			children = (
				0C00BB60C8DA88F1771E5540 /* AddTransactionView.swift */,
				EC1DD97467BB97D3809D9D2F /* AddTransactionViewModel.swift */,
				61476A1B0B47403B4E2673FB /* CategoryPickerSheet.swift */,
				62B4BED05BA08985B221A10E /* VoiceInputManager.swift */,
			);
			path = AddTransaction;
			sourceTree = "<group>";
		};
		36627E3301744F578BC9D5BC /* Services */ = {
			isa = PBXGroup;
			children = (
				38A22F96E80B26D493834CA4 /* FineryPDFGenerator.swift */,
				64B6E0D5E7B5285B6516722D /* NotificationService.swift */,
				9925A0E4CA8F1006122C1BD8 /* TaxCalculatorService.swift */,
			);
			path = Services;
			sourceTree = "<group>";
		};
		38021F5FB7007C69DDA08E4B /* Enums */ = {
			isa = PBXGroup;
			children = (
				BEA0EF0BBE34BD802AD3109C /* ClientType.swift */,
				9286A23592206481E6E093FA /* ExpenseCategory.swift */,
				D6594DF992676C1A5BDA9E7F /* IncomeCategory.swift */,
				82440E40D8C6C2AE2D27D8A5 /* TaxMode.swift */,
				C21FF8736E7CAAF54FB5048F /* TransactionDirection.swift */,
				51872C806C150DBEB4911CE0 /* TransactionSource.swift */,
			);
			path = Enums;
			sourceTree = "<group>";
		};
		38FD56CDB74897A40E2AD040 /* Dashboard */ = {
			isa = PBXGroup;
			children = (
				DC01C5EC8EE86264958FA807 /* CashFlowDetailView.swift */,
				F9FDB18528D5474099877283 /* DashboardView.swift */,
				DFD3FEDDD06A99D9BC586E2C /* DashboardViewModel.swift */,
			);
			path = Dashboard;
			sourceTree = "<group>";
		};
		423693FC4B12046F813FCF0B /* Onboarding */ = {
			isa = PBXGroup;
			children = (
				7E73C5652F8D4587F8E71CE1 /* WelcomeView.swift */,
			);
			path = Onboarding;
			sourceTree = "<group>";
		};
		437E92DB0EE17E04892611C6 /* FineryTests */ = {
			isa = PBXGroup;
			children = (
				8FCDD1C9C2F31381AC106478 /* TaxCalculatorTests.swift */,
			);
			path = FineryTests;
			sourceTree = "<group>";
		};
		4BC6EF36881826E0F768ACDD /* FineryShare */ = {
			isa = PBXGroup;
			children = (
				95678B2FCADDFF394411419B /* Info.plist */,
				39BAA951EBB47E6056A50796 /* ShareParseView.swift */,
				DFE781407181245CE7FA36D7 /* ShareViewController.swift */,
				7F4EBBF2422130E162828054 /* SMSParser.swift */,
			);
			path = FineryShare;
			sourceTree = "<group>";
		};
		64C33EB15D5B8909E5AF5A98 /* Tax */ = {
			isa = PBXGroup;
			children = (
				4E3B3F7DAC41282629E2C6B2 /* TaxView.swift */,
				FC923A07AB37977277909C3D /* TaxViewModel.swift */,
			);
			path = Tax;
			sourceTree = "<group>";
		};
		6981B8C3897A3FE9152E16A3 /* App */ = {
			isa = PBXGroup;
			children = (
				C4B594F31B53AA1F9EDB46E9 /* Constants.swift */,
				94113177E3F1122E055454B2 /* FineryApp.swift */,
			);
			path = App;
			sourceTree = "<group>";
		};
		6FC703283BBCC44E7764C8A1 /* Transactions */ = {
			isa = PBXGroup;
			children = (
				5E139A4F9AFC176D183F3632 /* TransactionsView.swift */,
				5F2C94236A147B2275A4C7B4 /* TransactionsViewModel.swift */,
			);
			path = Transactions;
			sourceTree = "<group>";
		};
		7DEF06C69FA691FEC83CF934 /* Local */ = {
			isa = PBXGroup;
			children = (
				9DE470362E77980A05FBBA37 /* TransactionLocalRepository.swift */,
				D6F747A35F6E89CF3EFE0629 /* UserLocalRepository.swift */,
			);
			path = Local;
			sourceTree = "<group>";
		};
		863522E5621D588CE1DC0730 /* Clients */ = {
			isa = PBXGroup;
			children = (
				A8F86C2EED64EC8EC4EA3257 /* ClientsView.swift */,
				3811D27CA7EECCC81FAAA3DB /* ClientsViewModel.swift */,
			);
			path = Clients;
			sourceTree = "<group>";
		};
		8FBCCF9833F5AA4643284D82 /* Finery */ = {
			isa = PBXGroup;
			children = (
				5537288A26312E121FEE587C /* Finery.entitlements */,
				6981B8C3897A3FE9152E16A3 /* App */,
				1D859BB1E5263BF014ADFCDB /* Data */,
				0AE98E9682AA193DD926E0A5 /* Domain */,
				B988225B1B3FB7AF3F7A89C2 /* Network */,
				FCFC5D63DCFD1B760DDD602F /* Presentation */,
				FEAC9A8BEF753AE0FEEE3DC4 /* Preview */,
				C1118DE2B272EBCC96E524CD /* Resources */,
			);
			path = Finery;
			sourceTree = "<group>";
		};
		920F93EBC91EC087B7552F31 /* Repositories */ = {
			isa = PBXGroup;
			children = (
				E93820A671554C608923316D /* TransactionRepository.swift */,
				A808E46673806C37D5BF707B /* UserRepository.swift */,
			);
			path = Repositories;
			sourceTree = "<group>";
		};
		94B62CA32A9D5BD6E537FE64 /* Root */ = {
			isa = PBXGroup;
			children = (
				866B1A5E002A254F53748A3D /* AppContainer.swift */,
				940998E028CB628BB760FF7D /* RootView.swift */,
			);
			path = Root;
			sourceTree = "<group>";
		};
		95F1FAE778B538F0860F4C9C /* AI */ = {
			isa = PBXGroup;
			children = (
				FAD991AABB2B8D7E927E3944 /* AIAdvisorView.swift */,
				4364BE73D18016B547D1E0B5 /* ChatView.swift */,
			);
			path = AI;
			sourceTree = "<group>";
		};
		B2141B802F1F152E5239883B /* Theme */ = {
			isa = PBXGroup;
			children = (
				D63DC38B29DA04BE54BB2733 /* FineryTheme.swift */,
				4F2B3F9FFFE9B4D34E99D83B /* HapticManager.swift */,
			);
			path = Theme;
			sourceTree = "<group>";
		};
		B988225B1B3FB7AF3F7A89C2 /* Network */ = {
			isa = PBXGroup;
			children = (
				AB8D7D57EA3C0EC851F0F031 /* AIService.swift */,
				F7A7AB35CED17D75500E5AF1 /* APIClient.swift */,
			);
			path = Network;
			sourceTree = "<group>";
		};
		BC3D1227503AAFD37D604514 /* Analytics */ = {
			isa = PBXGroup;
			children = (
				B73BE6B840255FE525903F14 /* AnalyticsView.swift */,
				E4A3D50A4B2CBBE238524D0D /* AnalyticsViewModel.swift */,
			);
			path = Analytics;
			sourceTree = "<group>";
		};
		C1118DE2B272EBCC96E524CD /* Resources */ = {
			isa = PBXGroup;
			children = (
				536977A95B8339D67FF45B42 /* Assets.xcassets */,
				DCE055888C0EC773FBED99DC /* success.json */,
			);
			path = Resources;
			sourceTree = "<group>";
		};
		CCAD105335DAB0871FD914D5 /* Settings */ = {
			isa = PBXGroup;
			children = (
				9FE83955C51012112BD1C60A /* NetworkDebugView.swift */,
				C9712285D88F65D5F9E23430 /* SettingsView.swift */,
				5B9757BE2B397BAF4F9FA65C /* SettingsViewModel.swift */,
			);
			path = Settings;
			sourceTree = "<group>";
		};
		D52C16B1DE4768134BF7005C /* Products */ = {
			isa = PBXGroup;
			children = (
				9F40AEF0915FDE1ADF55A664 /* Finery.app */,
				8E269B3C38185B26E8B4184F /* FineryShare.appex */,
				4549C8183DDAA6A1F4D00996 /* FineryTests.xctest */,
				F8810F65A98B400AFE5A590F /* FineryUITests.xctest */,
				B0948239B5CC62ED44EAD4F7 /* FineryWidget.appex */,
			);
			name = Products;
			sourceTree = "<group>";
		};
		D9D1057C86A8A4E3D9E8A2FF /* FineryUITests */ = {
			isa = PBXGroup;
			children = (
				44189399A774FD5E8FAE4227 /* ScreenshotTests.swift */,
			);
			path = FineryUITests;
			sourceTree = "<group>";
		};
		DC3298720877FB259B52014D /* Invoice */ = {
			isa = PBXGroup;
			children = (
				4E2B0D520284CDD9E5311821 /* InvoicesViewModel.swift */,
				5A23D73F7A964B88C2347CC9 /* InvoiceView.swift */,
			);
			path = Invoice;
			sourceTree = "<group>";
		};
		FCFC5D63DCFD1B760DDD602F /* Presentation */ = {
			isa = PBXGroup;
			children = (
				3632FBF2174281E277BFAAA6 /* AddTransaction */,
				95F1FAE778B538F0860F4C9C /* AI */,
				BC3D1227503AAFD37D604514 /* Analytics */,
				026D4551C3670886D07E6F10 /* Auth */,
				863522E5621D588CE1DC0730 /* Clients */,
				2A831A591B46393F13E9CAA6 /* Components */,
				38FD56CDB74897A40E2AD040 /* Dashboard */,
				DC3298720877FB259B52014D /* Invoice */,
				423693FC4B12046F813FCF0B /* Onboarding */,
				94B62CA32A9D5BD6E537FE64 /* Root */,
				CCAD105335DAB0871FD914D5 /* Settings */,
				2DA45C7BDF7A606D770AC4EA /* Splash */,
				64C33EB15D5B8909E5AF5A98 /* Tax */,
				B2141B802F1F152E5239883B /* Theme */,
				6FC703283BBCC44E7764C8A1 /* Transactions */,
			);
			path = Presentation;
			sourceTree = "<group>";
		};
		FEAC9A8BEF753AE0FEEE3DC4 /* Preview */ = {
			isa = PBXGroup;
			children = (
				33A4C68A92997653ED71CE4E /* MockRepositories.swift */,
				12B56BD4CA668CF84630EEE1 /* PreviewData.swift */,
			);
			path = Preview;
			sourceTree = "<group>";
		};
/* End PBXGroup section */

/* Begin PBXNativeTarget section */
		2515D379705AE448BB7D130D /* Finery */ = {
			isa = PBXNativeTarget;
			buildConfigurationList = 768E093C107A2CBB87B8F4C3 /* Build configuration list for PBXNativeTarget "Finery" */;
			buildPhases = (
				EB4994D0E1EA91A9BBD545C4 /* Sources */,
				75EE556DCBB1DFFE053A2812 /* Resources */,
				A2B26546D7B8B377D961F595 /* Frameworks */,
			);
			buildRules = (
			);
			dependencies = (
			);
			name = Finery;
			packageProductDependencies = (
				CA9FE20FDDBC787F3252883A /* Pow */,
				43249DC6BB94489E878746F4 /* Lottie */,
				B3B07C11F2BB4F4E4D734903 /* Shimmer */,
			);
			productName = Finery;
			productReference = 9F40AEF0915FDE1ADF55A664 /* Finery.app */;
			productType = "com.apple.product-type.application";
		};
		4CE30BA1FB6463193BB581B9 /* FineryTests */ = {
			isa = PBXNativeTarget;
			buildConfigurationList = 5EF6C4FD24D780811D8BCBAE /* Build configuration list for PBXNativeTarget "FineryTests" */;
			buildPhases = (
				374DBC46FDB6CA29490AEBF2 /* Sources */,
			);
			buildRules = (
			);
			dependencies = (
				510A8B444F20738990CB80F5 /* PBXTargetDependency */,
			);
			name = FineryTests;
			packageProductDependencies = (
			);
			productName = FineryTests;
			productReference = 4549C8183DDAA6A1F4D00996 /* FineryTests.xctest */;
			productType = "com.apple.product-type.bundle.unit-test";
		};
		5C06D7CDFAC4737927523827 /* FineryUITests */ = {
			isa = PBXNativeTarget;
			buildConfigurationList = EAA957028AC4516FD0E686F3 /* Build configuration list for PBXNativeTarget "FineryUITests" */;
			buildPhases = (
				9B6A5697B4A51CE864C70488 /* Sources */,
			);
			buildRules = (
			);
			dependencies = (
				9BBD9971A1539529D4C57516 /* PBXTargetDependency */,
			);
			name = FineryUITests;
			packageProductDependencies = (
			);
			productName = FineryUITests;
			productReference = F8810F65A98B400AFE5A590F /* FineryUITests.xctest */;
			productType = "com.apple.product-type.bundle.ui-testing";
		};
		DF31E32ADCC64C831609F20B /* FineryShare */ = {
			isa = PBXNativeTarget;
			buildConfigurationList = FFD4E6377EC56F1F017546FF /* Build configuration list for PBXNativeTarget "FineryShare" */;
			buildPhases = (
				36B8C1BF6DB31A7443591E49 /* Sources */,
			);
			buildRules = (
			);
			dependencies = (
			);
			name = FineryShare;
			packageProductDependencies = (
			);
			productName = FineryShare;
			productReference = 8E269B3C38185B26E8B4184F /* FineryShare.appex */;
			productType = "com.apple.product-type.app-extension";
		};
		FB3BF94C50472C3384D73E03 /* FineryWidget */ = {
			isa = PBXNativeTarget;
			buildConfigurationList = C2936D04E168324253212F35 /* Build configuration list for PBXNativeTarget "FineryWidget" */;
			buildPhases = (
				0F510575AEF8280CA421E296 /* Sources */,
			);
			buildRules = (
			);
			dependencies = (
			);
			name = FineryWidget;
			packageProductDependencies = (
			);
			productName = FineryWidget;
			productReference = B0948239B5CC62ED44EAD4F7 /* FineryWidget.appex */;
			productType = "com.apple.product-type.app-extension";
		};
/* End PBXNativeTarget section */

/* Begin PBXProject section */
		FE88024E604A1C5DF0261666 /* Project object */ = {
			isa = PBXProject;
			attributes = {
				BuildIndependentTargetsInParallel = YES;
				LastUpgradeCheck = 1600;
				TargetAttributes = {
					2515D379705AE448BB7D130D = {
						ProvisioningStyle = Automatic;
					};
					5C06D7CDFAC4737927523827 = {
						TestTargetID = 2515D379705AE448BB7D130D;
					};
					DF31E32ADCC64C831609F20B = {
						DevelopmentTeam = HU22U632B9;
						ProvisioningStyle = Automatic;
					};
					FB3BF94C50472C3384D73E03 = {
						DevelopmentTeam = HU22U632B9;
						ProvisioningStyle = Automatic;
					};
				};
			};
			buildConfigurationList = 6A3A44B4B585BADEE6A2DDFB /* Build configuration list for PBXProject "Finery" */;
			developmentRegion = en;
			hasScannedForEncodings = 0;
			knownRegions = (
				Base,
				en,
			);
			mainGroup = 0245ACB5F99A2B7FF52302C3;
			minimizedProjectReferenceProxies = 1;
			packageReferences = (
				4A7FC0F2C863160CF2E61A96 /* XCRemoteSwiftPackageReference "lottie-spm" */,
				1A9518D79164457F63C73E5C /* XCRemoteSwiftPackageReference "Pow" */,
				23718BB423B8DF84592CDC66 /* XCRemoteSwiftPackageReference "SwiftUI-Shimmer" */,
			);
			preferredProjectObjectVersion = 77;
			productRefGroup = D52C16B1DE4768134BF7005C /* Products */;
			projectDirPath = "";
			projectRoot = "";
			targets = (
				2515D379705AE448BB7D130D /* Finery */,
				DF31E32ADCC64C831609F20B /* FineryShare */,
				4CE30BA1FB6463193BB581B9 /* FineryTests */,
				5C06D7CDFAC4737927523827 /* FineryUITests */,
				FB3BF94C50472C3384D73E03 /* FineryWidget */,
			);
		};
/* End PBXProject section */

/* Begin PBXResourcesBuildPhase section */
		75EE556DCBB1DFFE053A2812 /* Resources */ = {
			isa = PBXResourcesBuildPhase;
			buildActionMask = 2147483647;
			files = (
				0C4011AF07F45FD56FBBA2F9 /* Assets.xcassets in Resources */,
				047DC8F0070E27C21E7E3C3D /* success.json in Resources */,
			);
			runOnlyForDeploymentPostprocessing = 0;
		};
/* End PBXResourcesBuildPhase section */

/* Begin PBXSourcesBuildPhase section */
		0F510575AEF8280CA421E296 /* Sources */ = {
			isa = PBXSourcesBuildPhase;
			buildActionMask = 2147483647;
			files = (
				D789751EE9F1C41C9E192FDF /* FineryWidget.swift in Sources */,
			);
			runOnlyForDeploymentPostprocessing = 0;
		};
		36B8C1BF6DB31A7443591E49 /* Sources */ = {
			isa = PBXSourcesBuildPhase;
			buildActionMask = 2147483647;
			files = (
				4A35287097CCC4C3E2479F16 /* SMSParser.swift in Sources */,
				4D452DD8653EBD5719C17E71 /* ShareParseView.swift in Sources */,
				66A5600124C7BC8D79DED2F3 /* ShareViewController.swift in Sources */,
			);
			runOnlyForDeploymentPostprocessing = 0;
		};
		374DBC46FDB6CA29490AEBF2 /* Sources */ = {
			isa = PBXSourcesBuildPhase;
			buildActionMask = 2147483647;
			files = (
				F32D6FF0C5E47010341EA8E2 /* TaxCalculatorTests.swift in Sources */,
			);
			runOnlyForDeploymentPostprocessing = 0;
		};
		9B6A5697B4A51CE864C70488 /* Sources */ = {
			isa = PBXSourcesBuildPhase;
			buildActionMask = 2147483647;
			files = (
				8EE633667226AA1DE8A959AE /* ScreenshotTests.swift in Sources */,
			);
			runOnlyForDeploymentPostprocessing = 0;
		};
		EB4994D0E1EA91A9BBD545C4 /* Sources */ = {
			isa = PBXSourcesBuildPhase;
			buildActionMask = 2147483647;
			files = (
				91F65F1ED379AC120FFD37F5 /* AIAdvisorView.swift in Sources */,
				2CF9F77B9304F82B9C29D876 /* AIService.swift in Sources */,
				46A5C4A951725A7ACCCEC222 /* APIClient.swift in Sources */,
				15B3D13568DF23D8F47D1892 /* AddTransactionView.swift in Sources */,
				73A07650822DCFC310BAAA24 /* AddTransactionViewModel.swift in Sources */,
				F1AE7C2A94B173851217D863 /* AnalyticsView.swift in Sources */,
				3A02770F74D88D2B7E6969E7 /* AnalyticsViewModel.swift in Sources */,
				B183A2A671407F2C3CFB56B2 /* AppContainer.swift in Sources */,
				C2E7BB8D40E2E138E609556A /* AuthFlowView.swift in Sources */,
				BBE61F28FF7F44CA4B840E0A /* AuthViewModel.swift in Sources */,
				977403F6A9A4693D5687BDD9 /* CalculateTaxUseCase.swift in Sources */,
				534ECAFF107E837DD93B8F8B /* CashFlowDetailView.swift in Sources */,
				ADE05D6F2C7A8BB1596F7047 /* CashFlowForecast.swift in Sources */,
				D3BCE7803F11A3783E09BE42 /* CategoryPickerSheet.swift in Sources */,
				1A63E180E5B27593A2EB369A /* ChatView.swift in Sources */,
				38E4A622E0DB6FF0B1DA2219 /* ClassifyTransactionUseCase.swift in Sources */,
				F03FCD35C229BA94095A1AB6 /* Client.swift in Sources */,
				76DEB4E0F6633C40309AF3FC /* ClientType.swift in Sources */,
				21AE762BB661ACBBECA9454B /* ClientsView.swift in Sources */,
				1DC4D0B72343E3B1D32C72E9 /* ClientsViewModel.swift in Sources */,
				366AC8A43E427CB937DCB1F1 /* Constants.swift in Sources */,
				855F45860FA1BB1228C677B7 /* DashboardView.swift in Sources */,
				762B77DCEDCB65E919D99691 /* DashboardViewModel.swift in Sources */,
				082F44E6A0528399DC16BE5F /* ExpenseCategory.swift in Sources */,
				CE61AB72C74CD48311DFED14 /* FineryApp.swift in Sources */,
				5F258607B2857A0A18A56191 /* FineryLoadingView.swift in Sources */,
				F7554B4154E8B9D123B58552 /* FineryPDFGenerator.swift in Sources */,
				B3B0734E6DF2C86A4AA73AD2 /* FineryTheme.swift in Sources */,
				6DCA2D6AF64B014023F819EC /* FloatingTabBar.swift in Sources */,
				90E4BB00223A7EE0CDA8AB30 /* ForgotPasswordView.swift in Sources */,
				3EA59CEC864D0D95A65A44BB /* GetInsightsUseCase.swift in Sources */,
				83A1CEE1D24421BC3A2C5054 /* GetMonthlyDynamicsUseCase.swift in Sources */,
				0A6150E3A8C6C066DC006C52 /* GetPnLUseCase.swift in Sources */,
				63F588343BAA0A9F61EF7E98 /* HapticManager.swift in Sources */,
				F950C54839946E228199F9E2 /* IncomeCategory.swift in Sources */,
				536F84E5A6B17503306735DC /* Insight.swift in Sources */,
				210E596473F221B02402B18B /* InsightRow.swift in Sources */,
				1ACD8AE833EC5D448EF0C72A /* Invoice.swift in Sources */,
				1E17DCB6EA5B65C954A02963 /* InvoiceView.swift in Sources */,
				6E6125F31DD589B6E94B881C /* InvoicesViewModel.swift in Sources */,
				8D0140B10201060ACBAD81ED /* LoginView.swift in Sources */,
				58B22BC0114CF4DC17035316 /* LottieSuccessView.swift in Sources */,
				CFC26F9E8EE72DC53CA13631 /* MockRepositories.swift in Sources */,
				5455763DEB51751F2BD30444 /* MonthlyData.swift in Sources */,
				F02E47C278A316C5A22F8722 /* NetworkDebugView.swift in Sources */,
				254EC4E96239C9836A221B88 /* NotificationService.swift in Sources */,
				69EE6214CEEE4E981569C361 /* NpdForecast.swift in Sources */,
				4DA6EEBAB8E662AE8B083851 /* PnL.swift in Sources */,
				154314B4625FFD8511918D86 /* PreviewData.swift in Sources */,
				8F9F6A6C899C207AED931882 /* RootView.swift in Sources */,
				C5FAC65990E36490FCD90CE6 /* SeasonalAnalysis.swift in Sources */,
				615CA91F82633A7A2C1F40E1 /* SettingsView.swift in Sources */,
				6DF61355766320364D5B7694 /* SettingsViewModel.swift in Sources */,
				35F4639E9AECB81581CA7E76 /* SharedDataService.swift in Sources */,
				D7182FC815B11F3DD24A2F60 /* SplashView.swift in Sources */,
				30B51A1F80AB530F64ADB1A0 /* StoreBackedTransactionRepository.swift in Sources */,
				42F92C1337CD08F72B200AF2 /* TaxCalculatorService.swift in Sources */,
				99749BD373E8E06A3CC8378B /* TaxMode.swift in Sources */,
				5DDB9EEE1ED1D2F26BE47D49 /* TaxStatus.swift in Sources */,
				E9DEF104FE00898537267D34 /* TaxView.swift in Sources */,
				532DD8E6ECC926BCC1FD1509 /* TaxViewModel.swift in Sources */,
				D5B323A2400D0070F2213C0D /* Transaction.swift in Sources */,
				B3213706B3839773FB09DBB5 /* TransactionDirection.swift in Sources */,
				D1E17F9EB7662E4DDC587927 /* TransactionEntity.swift in Sources */,
				1F5CFEF8974C8A3AE8CCA601 /* TransactionLocalRepository.swift in Sources */,
				139D9B698D395707AF9AF876 /* TransactionRepository.swift in Sources */,
				4B117A31774BF9F428CFB325 /* TransactionSource.swift in Sources */,
				0CD9133629F88A8BACD8BE73 /* TransactionStore.swift in Sources */,
				D94CCCD1E9570EDA6DF9A8C7 /* TransactionsView.swift in Sources */,
				F430E274A1D416043C4DCDB8 /* TransactionsViewModel.swift in Sources */,
				EF17431F6C6E5E98DAFC0E60 /* User.swift in Sources */,
				53832F634D193A1E432C69C9 /* UserEntity.swift in Sources */,
				0599F653DBC5B9EF669DE4E7 /* UserLocalRepository.swift in Sources */,
				FAA10A31048A1AD78FC78D3F /* UserRepository.swift in Sources */,
				53249838281A74655483AFB7 /* VoiceInputManager.swift in Sources */,
				FAB77131057F49CD90964829 /* WelcomeView.swift in Sources */,
			);
			runOnlyForDeploymentPostprocessing = 0;
		};
/* End PBXSourcesBuildPhase section */

/* Begin PBXTargetDependency section */
		510A8B444F20738990CB80F5 /* PBXTargetDependency */ = {
			isa = PBXTargetDependency;
			target = 2515D379705AE448BB7D130D /* Finery */;
			targetProxy = 8BEBCACF34A3DA5C44373F4E /* PBXContainerItemProxy */;
		};
		9BBD9971A1539529D4C57516 /* PBXTargetDependency */ = {
			isa = PBXTargetDependency;
			target = 2515D379705AE448BB7D130D /* Finery */;
			targetProxy = 3BB209E13E5EDF9D419E90B3 /* PBXContainerItemProxy */;
		};
/* End PBXTargetDependency section */

/* Begin XCBuildConfiguration section */
		0C6E3C43071EBD6C1DE26CD1 /* Release */ = {
			isa = XCBuildConfiguration;
			buildSettings = {
				BUNDLE_LOADER = "$(TEST_HOST)";
				GENERATE_INFOPLIST_FILE = YES;
				IPHONEOS_DEPLOYMENT_TARGET = 17.0;
				LD_RUNPATH_SEARCH_PATHS = (
					"$(inherited)",
					"@executable_path/Frameworks",
					"@loader_path/Frameworks",
				);
				PRODUCT_BUNDLE_IDENTIFIER = com.tkachev.finery.uitests;
				SDKROOT = iphoneos;
				SWIFT_VERSION = 6.0;
				TARGETED_DEVICE_FAMILY = "1,2";
				TEST_TARGET_NAME = Finery;
			};
			name = Release;
		};
		3CE94438B4D1EF91388C6EFE /* Debug */ = {
			isa = XCBuildConfiguration;
			buildSettings = {
				BUNDLE_LOADER = "$(TEST_HOST)";
				GENERATE_INFOPLIST_FILE = YES;
				IPHONEOS_DEPLOYMENT_TARGET = 17.0;
				LD_RUNPATH_SEARCH_PATHS = (
					"$(inherited)",
					"@executable_path/Frameworks",
					"@loader_path/Frameworks",
				);
				PRODUCT_BUNDLE_IDENTIFIER = com.tkachev.finery.uitests;
				SDKROOT = iphoneos;
				SWIFT_VERSION = 6.0;
				TARGETED_DEVICE_FAMILY = "1,2";
				TEST_TARGET_NAME = Finery;
			};
			name = Debug;
		};
		4401BD545DAD916375AF8ECD /* Release */ = {
			isa = XCBuildConfiguration;
			buildSettings = {
				CODE_SIGN_ENTITLEMENTS = FineryWidget/FineryWidget.entitlements;
				CODE_SIGN_IDENTITY = "iPhone Developer";
				CODE_SIGN_STYLE = Automatic;
				CURRENT_PROJECT_VERSION = 2;
				DEBUG_INFORMATION_FORMAT = "dwarf-with-dsym";
				DEVELOPMENT_TEAM = HU22U632B9;
				ENABLE_USER_SCRIPT_SANDBOXING = NO;
				INFOPLIST_FILE = FineryWidget/Info.plist;
				IPHONEOS_DEPLOYMENT_TARGET = 17.0;
				LD_RUNPATH_SEARCH_PATHS = (
					"$(inherited)",
					"@executable_path/Frameworks",
					"@executable_path/../../Frameworks",
				);
				MARKETING_VERSION = 1.0.0;
				PRODUCT_BUNDLE_IDENTIFIER = com.tkachev.finery.widget;
				SDKROOT = iphoneos;
				SWIFT_COMPILATION_MODE = wholemodule;
				SWIFT_OPTIMIZATION_LEVEL = "-O";
				SWIFT_STRICT_CONCURRENCY = minimal;
				SWIFT_VERSION = 6.0;
				TARGETED_DEVICE_FAMILY = "1,2";
			};
			name = Release;
		};
		49F1083F16C4892521826D98 /* Release */ = {
			isa = XCBuildConfiguration;
			buildSettings = {
				ALWAYS_SEARCH_USER_PATHS = NO;
				CLANG_ANALYZER_NONNULL = YES;
				CLANG_ANALYZER_NUMBER_OBJECT_CONVERSION = YES_AGGRESSIVE;
				CLANG_CXX_LANGUAGE_STANDARD = "gnu++14";
				CLANG_CXX_LIBRARY = "libc++";
				CLANG_ENABLE_MODULES = YES;
				CLANG_ENABLE_OBJC_ARC = YES;
				CLANG_ENABLE_OBJC_WEAK = YES;
				CLANG_WARN_BLOCK_CAPTURE_AUTORELEASING = YES;
				CLANG_WARN_BOOL_CONVERSION = YES;
				CLANG_WARN_COMMA = YES;
				CLANG_WARN_CONSTANT_CONVERSION = YES;
				CLANG_WARN_DEPRECATED_OBJC_IMPLEMENTATIONS = YES;
				CLANG_WARN_DIRECT_OBJC_ISA_USAGE = YES_ERROR;
				CLANG_WARN_DOCUMENTATION_COMMENTS = YES;
				CLANG_WARN_EMPTY_BODY = YES;
				CLANG_WARN_ENUM_CONVERSION = YES;
				CLANG_WARN_INFINITE_RECURSION = YES;
				CLANG_WARN_INT_CONVERSION = YES;
				CLANG_WARN_NON_LITERAL_NULL_CONVERSION = YES;
				CLANG_WARN_OBJC_IMPLICIT_RETAIN_SELF = YES;
				CLANG_WARN_OBJC_LITERAL_CONVERSION = YES;
				CLANG_WARN_OBJC_ROOT_CLASS = YES_ERROR;
				CLANG_WARN_QUOTED_INCLUDE_IN_FRAMEWORK_HEADER = YES;
				CLANG_WARN_RANGE_LOOP_ANALYSIS = YES;
				CLANG_WARN_STRICT_PROTOTYPES = YES;
				CLANG_WARN_SUSPICIOUS_MOVE = YES;
				CLANG_WARN_UNGUARDED_AVAILABILITY = YES_AGGRESSIVE;
				CLANG_WARN_UNREACHABLE_CODE = YES;
				CLANG_WARN__DUPLICATE_METHOD_MATCH = YES;
				COPY_PHASE_STRIP = NO;
				DEBUG_INFORMATION_FORMAT = "dwarf-with-dsym";
				ENABLE_NS_ASSERTIONS = NO;
				ENABLE_STRICT_OBJC_MSGSEND = YES;
				GCC_C_LANGUAGE_STANDARD = gnu11;
				GCC_NO_COMMON_BLOCKS = YES;
				GCC_WARN_64_TO_32_BIT_CONVERSION = YES;
				GCC_WARN_ABOUT_RETURN_TYPE = YES_ERROR;
				GCC_WARN_UNDECLARED_SELECTOR = YES;
				GCC_WARN_UNINITIALIZED_AUTOS = YES_AGGRESSIVE;
				GCC_WARN_UNUSED_FUNCTION = YES;
				GCC_WARN_UNUSED_VARIABLE = YES;
				IPHONEOS_DEPLOYMENT_TARGET = 17.0;
				MTL_ENABLE_DEBUG_INFO = NO;
				MTL_FAST_MATH = YES;
				PRODUCT_NAME = "$(TARGET_NAME)";
				SDKROOT = iphoneos;
				SWIFT_COMPILATION_MODE = wholemodule;
				SWIFT_OPTIMIZATION_LEVEL = "-O";
				SWIFT_VERSION = 5.0;
			};
			name = Release;
		};
		84CCB428A0E70B7A52F3E4D4 /* Release */ = {
			isa = XCBuildConfiguration;
			buildSettings = {
				CODE_SIGN_ENTITLEMENTS = FineryShare/FineryShare.entitlements;
				CODE_SIGN_IDENTITY = "iPhone Developer";
				CODE_SIGN_STYLE = Automatic;
				CURRENT_PROJECT_VERSION = 2;
				DEBUG_INFORMATION_FORMAT = "dwarf-with-dsym";
				DEVELOPMENT_TEAM = HU22U632B9;
				ENABLE_USER_SCRIPT_SANDBOXING = NO;
				INFOPLIST_FILE = FineryShare/Info.plist;
				IPHONEOS_DEPLOYMENT_TARGET = 17.0;
				LD_RUNPATH_SEARCH_PATHS = (
					"$(inherited)",
					"@executable_path/Frameworks",
					"@executable_path/../../Frameworks",
				);
				MARKETING_VERSION = 1.0.0;
				PRODUCT_BUNDLE_IDENTIFIER = com.tkachev.finery.share;
				SDKROOT = iphoneos;
				SWIFT_COMPILATION_MODE = wholemodule;
				SWIFT_OPTIMIZATION_LEVEL = "-O";
				SWIFT_STRICT_CONCURRENCY = minimal;
				SWIFT_VERSION = 6.0;
				TARGETED_DEVICE_FAMILY = "1,2";
			};
			name = Release;
		};
		999F84D491EC4A5F542C0A1B /* Debug */ = {
			isa = XCBuildConfiguration;
			buildSettings = {
				CODE_SIGN_ENTITLEMENTS = FineryWidget/FineryWidget.entitlements;
				CODE_SIGN_IDENTITY = "iPhone Developer";
				CODE_SIGN_STYLE = Automatic;
				CURRENT_PROJECT_VERSION = 2;
				DEBUG_INFORMATION_FORMAT = dwarf;
				DEVELOPMENT_TEAM = HU22U632B9;
				ENABLE_USER_SCRIPT_SANDBOXING = NO;
				INFOPLIST_FILE = FineryWidget/Info.plist;
				IPHONEOS_DEPLOYMENT_TARGET = 17.0;
				LD_RUNPATH_SEARCH_PATHS = (
					"$(inherited)",
					"@executable_path/Frameworks",
					"@executable_path/../../Frameworks",
				);
				MARKETING_VERSION = 1.0.0;
				PRODUCT_BUNDLE_IDENTIFIER = com.tkachev.finery.widget;
				SDKROOT = iphoneos;
				SWIFT_OPTIMIZATION_LEVEL = "-Onone";
				SWIFT_STRICT_CONCURRENCY = minimal;
				SWIFT_VERSION = 6.0;
				TARGETED_DEVICE_FAMILY = "1,2";
			};
			name = Debug;
		};
		A17B33B7CEDAD996FA35F1A9 /* Debug */ = {
			isa = XCBuildConfiguration;
			buildSettings = {
				CODE_SIGN_ENTITLEMENTS = FineryShare/FineryShare.entitlements;
				CODE_SIGN_IDENTITY = "iPhone Developer";
				CODE_SIGN_STYLE = Automatic;
				CURRENT_PROJECT_VERSION = 2;
				DEBUG_INFORMATION_FORMAT = dwarf;
				DEVELOPMENT_TEAM = HU22U632B9;
				ENABLE_USER_SCRIPT_SANDBOXING = NO;
				INFOPLIST_FILE = FineryShare/Info.plist;
				IPHONEOS_DEPLOYMENT_TARGET = 17.0;
				LD_RUNPATH_SEARCH_PATHS = (
					"$(inherited)",
					"@executable_path/Frameworks",
					"@executable_path/../../Frameworks",
				);
				MARKETING_VERSION = 1.0.0;
				PRODUCT_BUNDLE_IDENTIFIER = com.tkachev.finery.share;
				SDKROOT = iphoneos;
				SWIFT_OPTIMIZATION_LEVEL = "-Onone";
				SWIFT_STRICT_CONCURRENCY = minimal;
				SWIFT_VERSION = 6.0;
				TARGETED_DEVICE_FAMILY = "1,2";
			};
			name = Debug;
		};
		AF11DBEAFEBFACC91CB75F68 /* Debug */ = {
			isa = XCBuildConfiguration;
			buildSettings = {
				ASSETCATALOG_COMPILER_APPICON_NAME = AppIcon;
				CODE_SIGN_ENTITLEMENTS = Finery/Finery.entitlements;
				CODE_SIGN_IDENTITY = "Apple Development";
				CODE_SIGN_STYLE = Automatic;
				CURRENT_PROJECT_VERSION = 2;
				DEBUG_INFORMATION_FORMAT = dwarf;
				DEVELOPMENT_TEAM = 6CP3FXPA4J;
				ENABLE_USER_SCRIPT_SANDBOXING = NO;
				INFOPLIST_FILE = Finery/Info.plist;
				IPHONEOS_DEPLOYMENT_TARGET = 17.0;
				LD_RUNPATH_SEARCH_PATHS = (
					"$(inherited)",
					"@executable_path/Frameworks",
				);
				MARKETING_VERSION = 1.0.0;
				PRODUCT_BUNDLE_IDENTIFIER = com.tkachev.finery;
				SDKROOT = iphoneos;
				SWIFT_OPTIMIZATION_LEVEL = "-Onone";
				SWIFT_STRICT_CONCURRENCY = minimal;
				SWIFT_VERSION = 6.0;
				TARGETED_DEVICE_FAMILY = "1,2";
			};
			name = Debug;
		};
		B937DD0EDADFE0E2B8CC5CA3 /* Release */ = {
			isa = XCBuildConfiguration;
			buildSettings = {
				BUNDLE_LOADER = "$(TEST_HOST)";
				GENERATE_INFOPLIST_FILE = YES;
				IPHONEOS_DEPLOYMENT_TARGET = 17.0;
				LD_RUNPATH_SEARCH_PATHS = (
					"$(inherited)",
					"@executable_path/Frameworks",
					"@loader_path/Frameworks",
				);
				PRODUCT_BUNDLE_IDENTIFIER = com.tkachev.finery.tests;
				SDKROOT = iphoneos;
				SWIFT_VERSION = 6.0;
				TARGETED_DEVICE_FAMILY = "1,2";
				TEST_HOST = "$(BUILT_PRODUCTS_DIR)/Finery.app/Finery";
			};
			name = Release;
		};
		E7740104D031861FBCCBA80A /* Debug */ = {
			isa = XCBuildConfiguration;
			buildSettings = {
				ALWAYS_SEARCH_USER_PATHS = NO;
				CLANG_ANALYZER_NONNULL = YES;
				CLANG_ANALYZER_NUMBER_OBJECT_CONVERSION = YES_AGGRESSIVE;
				CLANG_CXX_LANGUAGE_STANDARD = "gnu++14";
				CLANG_CXX_LIBRARY = "libc++";
				CLANG_ENABLE_MODULES = YES;
				CLANG_ENABLE_OBJC_ARC = YES;
				CLANG_ENABLE_OBJC_WEAK = YES;
				CLANG_WARN_BLOCK_CAPTURE_AUTORELEASING = YES;
				CLANG_WARN_BOOL_CONVERSION = YES;
				CLANG_WARN_COMMA = YES;
				CLANG_WARN_CONSTANT_CONVERSION = YES;
				CLANG_WARN_DEPRECATED_OBJC_IMPLEMENTATIONS = YES;
				CLANG_WARN_DIRECT_OBJC_ISA_USAGE = YES_ERROR;
				CLANG_WARN_DOCUMENTATION_COMMENTS = YES;
				CLANG_WARN_EMPTY_BODY = YES;
				CLANG_WARN_ENUM_CONVERSION = YES;
				CLANG_WARN_INFINITE_RECURSION = YES;
				CLANG_WARN_INT_CONVERSION = YES;
				CLANG_WARN_NON_LITERAL_NULL_CONVERSION = YES;
				CLANG_WARN_OBJC_IMPLICIT_RETAIN_SELF = YES;
				CLANG_WARN_OBJC_LITERAL_CONVERSION = YES;
				CLANG_WARN_OBJC_ROOT_CLASS = YES_ERROR;
				CLANG_WARN_QUOTED_INCLUDE_IN_FRAMEWORK_HEADER = YES;
				CLANG_WARN_RANGE_LOOP_ANALYSIS = YES;
				CLANG_WARN_STRICT_PROTOTYPES = YES;
				CLANG_WARN_SUSPICIOUS_MOVE = YES;
				CLANG_WARN_UNGUARDED_AVAILABILITY = YES_AGGRESSIVE;
				CLANG_WARN_UNREACHABLE_CODE = YES;
				CLANG_WARN__DUPLICATE_METHOD_MATCH = YES;
				COPY_PHASE_STRIP = NO;
				DEBUG_INFORMATION_FORMAT = dwarf;
				ENABLE_STRICT_OBJC_MSGSEND = YES;
				ENABLE_TESTABILITY = YES;
				GCC_C_LANGUAGE_STANDARD = gnu11;
				GCC_DYNAMIC_NO_PIC = NO;
				GCC_NO_COMMON_BLOCKS = YES;
				GCC_OPTIMIZATION_LEVEL = 0;
				GCC_PREPROCESSOR_DEFINITIONS = (
					"$(inherited)",
					"DEBUG=1",
				);
				GCC_WARN_64_TO_32_BIT_CONVERSION = YES;
				GCC_WARN_ABOUT_RETURN_TYPE = YES_ERROR;
				GCC_WARN_UNDECLARED_SELECTOR = YES;
				GCC_WARN_UNINITIALIZED_AUTOS = YES_AGGRESSIVE;
				GCC_WARN_UNUSED_FUNCTION = YES;
				GCC_WARN_UNUSED_VARIABLE = YES;
				IPHONEOS_DEPLOYMENT_TARGET = 17.0;
				MTL_ENABLE_DEBUG_INFO = INCLUDE_SOURCE;
				MTL_FAST_MATH = YES;
				ONLY_ACTIVE_ARCH = YES;
				PRODUCT_NAME = "$(TARGET_NAME)";
				SDKROOT = iphoneos;
				SWIFT_ACTIVE_COMPILATION_CONDITIONS = DEBUG;
				SWIFT_OPTIMIZATION_LEVEL = "-Onone";
				SWIFT_VERSION = 5.0;
			};
			name = Debug;
		};
		EADEF6514C3AC2C52820AD0A /* Release */ = {
			isa = XCBuildConfiguration;
			buildSettings = {
				ASSETCATALOG_COMPILER_APPICON_NAME = AppIcon;
				CODE_SIGN_ENTITLEMENTS = Finery/Finery.entitlements;
				CODE_SIGN_IDENTITY = "Apple Development";
				CODE_SIGN_STYLE = Automatic;
				CURRENT_PROJECT_VERSION = 2;
				DEBUG_INFORMATION_FORMAT = "dwarf-with-dsym";
				DEVELOPMENT_TEAM = 6CP3FXPA4J;
				ENABLE_USER_SCRIPT_SANDBOXING = NO;
				INFOPLIST_FILE = Finery/Info.plist;
				IPHONEOS_DEPLOYMENT_TARGET = 17.0;
				LD_RUNPATH_SEARCH_PATHS = (
					"$(inherited)",
					"@executable_path/Frameworks",
				);
				MARKETING_VERSION = 1.0.0;
				PRODUCT_BUNDLE_IDENTIFIER = com.tkachev.finery;
				SDKROOT = iphoneos;
				SWIFT_COMPILATION_MODE = wholemodule;
				SWIFT_OPTIMIZATION_LEVEL = "-O";
				SWIFT_STRICT_CONCURRENCY = minimal;
				SWIFT_VERSION = 6.0;
				TARGETED_DEVICE_FAMILY = "1,2";
			};
			name = Release;
		};
		FF02B925D3CAE4C7DD24EE3C /* Debug */ = {
			isa = XCBuildConfiguration;
			buildSettings = {
				BUNDLE_LOADER = "$(TEST_HOST)";
				GENERATE_INFOPLIST_FILE = YES;
				IPHONEOS_DEPLOYMENT_TARGET = 17.0;
				LD_RUNPATH_SEARCH_PATHS = (
					"$(inherited)",
					"@executable_path/Frameworks",
					"@loader_path/Frameworks",
				);
				PRODUCT_BUNDLE_IDENTIFIER = com.tkachev.finery.tests;
				SDKROOT = iphoneos;
				SWIFT_VERSION = 6.0;
				TARGETED_DEVICE_FAMILY = "1,2";
				TEST_HOST = "$(BUILT_PRODUCTS_DIR)/Finery.app/Finery";
			};
			name = Debug;
		};
/* End XCBuildConfiguration section */

/* Begin XCConfigurationList section */
		5EF6C4FD24D780811D8BCBAE /* Build configuration list for PBXNativeTarget "FineryTests" */ = {
			isa = XCConfigurationList;
			buildConfigurations = (
				FF02B925D3CAE4C7DD24EE3C /* Debug */,
				B937DD0EDADFE0E2B8CC5CA3 /* Release */,
			);
			defaultConfigurationIsVisible = 0;
			defaultConfigurationName = Debug;
		};
		6A3A44B4B585BADEE6A2DDFB /* Build configuration list for PBXProject "Finery" */ = {
			isa = XCConfigurationList;
			buildConfigurations = (
				E7740104D031861FBCCBA80A /* Debug */,
				49F1083F16C4892521826D98 /* Release */,
			);
			defaultConfigurationIsVisible = 0;
			defaultConfigurationName = Debug;
		};
		768E093C107A2CBB87B8F4C3 /* Build configuration list for PBXNativeTarget "Finery" */ = {
			isa = XCConfigurationList;
			buildConfigurations = (
				AF11DBEAFEBFACC91CB75F68 /* Debug */,
				EADEF6514C3AC2C52820AD0A /* Release */,
			);
			defaultConfigurationIsVisible = 0;
			defaultConfigurationName = Debug;
		};
		C2936D04E168324253212F35 /* Build configuration list for PBXNativeTarget "FineryWidget" */ = {
			isa = XCConfigurationList;
			buildConfigurations = (
				999F84D491EC4A5F542C0A1B /* Debug */,
				4401BD545DAD916375AF8ECD /* Release */,
			);
			defaultConfigurationIsVisible = 0;
			defaultConfigurationName = Debug;
		};
		EAA957028AC4516FD0E686F3 /* Build configuration list for PBXNativeTarget "FineryUITests" */ = {
			isa = XCConfigurationList;
			buildConfigurations = (
				3CE94438B4D1EF91388C6EFE /* Debug */,
				0C6E3C43071EBD6C1DE26CD1 /* Release */,
			);
			defaultConfigurationIsVisible = 0;
			defaultConfigurationName = Debug;
		};
		FFD4E6377EC56F1F017546FF /* Build configuration list for PBXNativeTarget "FineryShare" */ = {
			isa = XCConfigurationList;
			buildConfigurations = (
				A17B33B7CEDAD996FA35F1A9 /* Debug */,
				84CCB428A0E70B7A52F3E4D4 /* Release */,
			);
			defaultConfigurationIsVisible = 0;
			defaultConfigurationName = Debug;
		};
/* End XCConfigurationList section */

/* Begin XCRemoteSwiftPackageReference section */
		1A9518D79164457F63C73E5C /* XCRemoteSwiftPackageReference "Pow" */ = {
			isa = XCRemoteSwiftPackageReference;
			repositoryURL = "https://github.com/EmergeTools/Pow";
			requirement = {
				kind = upToNextMajorVersion;
				minimumVersion = 1.0.0;
			};
		};
		23718BB423B8DF84592CDC66 /* XCRemoteSwiftPackageReference "SwiftUI-Shimmer" */ = {
			isa = XCRemoteSwiftPackageReference;
			repositoryURL = "https://github.com/markiv/SwiftUI-Shimmer.git";
			requirement = {
				kind = upToNextMajorVersion;
				minimumVersion = 1.5.0;
			};
		};
		4A7FC0F2C863160CF2E61A96 /* XCRemoteSwiftPackageReference "lottie-spm" */ = {
			isa = XCRemoteSwiftPackageReference;
			repositoryURL = "https://github.com/airbnb/lottie-spm.git";
			requirement = {
				kind = upToNextMajorVersion;
				minimumVersion = 4.5.0;
			};
		};
/* End XCRemoteSwiftPackageReference section */

/* Begin XCSwiftPackageProductDependency section */
		43249DC6BB94489E878746F4 /* Lottie */ = {
			isa = XCSwiftPackageProductDependency;
			package = 4A7FC0F2C863160CF2E61A96 /* XCRemoteSwiftPackageReference "lottie-spm" */;
			productName = Lottie;
		};
		B3B07C11F2BB4F4E4D734903 /* Shimmer */ = {
			isa = XCSwiftPackageProductDependency;
			package = 23718BB423B8DF84592CDC66 /* XCRemoteSwiftPackageReference "SwiftUI-Shimmer" */;
			productName = Shimmer;
		};
		CA9FE20FDDBC787F3252883A /* Pow */ = {
			isa = XCSwiftPackageProductDependency;
			package = 1A9518D79164457F63C73E5C /* XCRemoteSwiftPackageReference "Pow" */;
			productName = Pow;
		};
/* End XCSwiftPackageProductDependency section */
	};
	rootObject = FE88024E604A1C5DF0261666 /* Project object */;
}
